
Microsoft Visual Studio Solution File, Format Version 12.00
# Visual Studio Version 17
VisualStudioVersion = 17.14.36811.4
MinimumVisualStudioVersion = 10.0.40219.1
Project("{FAE04EC0-301F-11D3-BF4B-00C04F79EFBC}") = "DrawWafer", "DrawWafer\DrawWafer.csproj", "{A90E5CB3-FF59-36BF-8A1A-57203E705370}"
EndProject
Project("{FAE04EC0-301F-11D3-BF4B-00C04F79EFBC}") = "DrawWafer-WPF", "DrawWafer-WPF\DrawWafer-WPF.csproj", "{C207612E-8F94-4311-879C-B61EC3C8E978}"
EndProject
Global
	GlobalSection(SolutionConfigurationPlatforms) = preSolution
		Debug|Any CPU = Debug|Any CPU
		Release|Any CPU = Release|Any CPU
	EndGlobalSection
	GlobalSection(ProjectConfigurationPlatforms) = postSolution
		{A90E5CB3-FF59-36BF-8A1A-57203E705370}.Debug|Any CPU.ActiveCfg = Debug|Any CPU
		{A90E5CB3-FF59-36BF-8A1A-57203E705370}.Debug|Any CPU.Build.0 = Debug|Any CPU
		{A90E5CB3-FF59-36BF-8A1A-57203E705370}.Release|Any CPU.ActiveCfg = Release|Any CPU
		{A90E5CB3-FF59-36BF-8A1A-57203E705370}.Release|Any CPU.Build.0 = Release|Any CPU
		{C207612E-8F94-4311-879C-B61EC3C8E978}.Debug|Any CPU.ActiveCfg = Debug|Any CPU
		{C207612E-8F94-4311-879C-B61EC3C8E978}.Debug|Any CPU.Build.0 = Debug|Any CPU
		{C207612E-8F94-4311-879C-B61EC3C8E978}.Release|Any CPU.ActiveCfg = Release|Any CPU
		{C207612E-8F94-4311-879C-B61EC3C8E978}.Release|Any CPU.Build.0 = Release|Any CPU
	EndGlobalSection
	GlobalSection(SolutionProperties) = preSolution
		HideSolutionNode = FALSE
	EndGlobalSection
	GlobalSection(ExtensibilityGlobals) = postSolution
		SolutionGuid = {B4839A37-91BC-48CF-B930-CC5727EF82C9}
	EndGlobalSection
EndGlobal
